
Microsoft Visual Studio Solution File, Format Version 11.00
# Visual Studio 2010
Project("{FAE04EC0-301F-11D3-BF4B-00C04F79EFBC}") = "Miniluv", "Assembly-CSharp.csproj", "{96304837-5B42-DCBF-9610-91069C3C3F83}"
EndProject
Project("{FAE04EC0-301F-11D3-BF4B-00C04F79EFBC}") = "Miniluv", "Assembly-CSharp-firstpass.csproj", "{97660F8C-65F0-1E34-CE04-6DEE64E8DDC1}"
EndProject
Global
	GlobalSection(SolutionConfigurationPlatforms) = preSolution
		Debug|Any CPU = Debug|Any CPU
		Release|Any CPU = Release|Any CPU
	EndGlobalSection
	GlobalSection(ProjectConfigurationPlatforms) = postSolution
		{96304837-5B42-DCBF-9610-91069C3C3F83}.Debug|Any CPU.ActiveCfg = Debug|Any CPU
		{96304837-5B42-DCBF-9610-91069C3C3F83}.Debug|Any CPU.Build.0 = Debug|Any CPU
		{96304837-5B42-DCBF-9610-91069C3C3F83}.Release|Any CPU.ActiveCfg = Release|Any CPU
		{96304837-5B42-DCBF-9610-91069C3C3F83}.Release|Any CPU.Build.0 = Release|Any CPU
		{97660F8C-65F0-1E34-CE04-6DEE64E8DDC1}.Debug|Any CPU.ActiveCfg = Debug|Any CPU
		{97660F8C-65F0-1E34-CE04-6DEE64E8DDC1}.Debug|Any CPU.Build.0 = Debug|Any CPU
		{97660F8C-65F0-1E34-CE04-6DEE64E8DDC1}.Release|Any CPU.ActiveCfg = Release|Any CPU
		{97660F8C-65F0-1E34-CE04-6DEE64E8DDC1}.Release|Any CPU.Build.0 = Release|Any CPU
	EndGlobalSection
	GlobalSection(SolutionProperties) = preSolution
		HideSolutionNode = FALSE
	EndGlobalSection
	GlobalSection(MonoDevelopProperties) = preSolution
		StartupItem = Assembly-CSharp.csproj
	EndGlobalSection
EndGlobal
